
Microsoft Visual Studio Solution File, Format Version 12.00
# Visual Studio Version 17
VisualStudioVersion = 17.14.36603.0 d17.14
MinimumVisualStudioVersion = 10.0.40219.1
Project("{FAE04EC0-301F-11D3-BF4B-00C04F79EFBC}") = "Future Predictor", "Future Predictor.csproj", "{5015A2E1-0441-4B55-A616-FEDFBB10E37A}"
EndProject
Global
	GlobalSection(SolutionConfigurationPlatforms) = preSolution
		Debug|Any CPU = Debug|Any CPU
		Release|Any CPU = Release|Any CPU
	EndGlobalSection
	GlobalSection(ProjectConfigurationPlatforms) = postSolution
		{5015A2E1-0441-4B55-A616-FEDFBB10E37A}.Debug|Any CPU.ActiveCfg = Debug|Any CPU
		{5015A2E1-0441-4B55-A616-FEDFBB10E37A}.Debug|Any CPU.Build.0 = Debug|Any CPU
		{5015A2E1-0441-4B55-A616-FEDFBB10E37A}.Release|Any CPU.ActiveCfg = Release|Any CPU
		{5015A2E1-0441-4B55-A616-FEDFBB10E37A}.Release|Any CPU.Build.0 = Release|Any CPU
	EndGlobalSection
	GlobalSection(SolutionProperties) = preSolution
		HideSolutionNode = FALSE
	EndGlobalSection
	GlobalSection(ExtensibilityGlobals) = postSolution
		SolutionGuid = {EE7BE55D-E7DD-4BBA-8469-630C6A7E815A}
	EndGlobalSection
EndGlobal
